
Microsoft Visual Studio Solution File, Format Version 12.00
# Visual Studio Version 16
VisualStudioVersion = 16.0.29326.143
MinimumVisualStudioVersion = 10.0.40219.1
Project("{888888A0-9F3D-457C-B088-3A5042F75D52}") = "Курсач1", "Курсач1\Курсач1.pyproj", "{4A1C169A-34E0-4750-A3F3-D5B6FC128FC9}"
EndProject
Global
	GlobalSection(SolutionConfigurationPlatforms) = preSolution
		Debug|Any CPU = Debug|Any CPU
		Release|Any CPU = Release|Any CPU
	EndGlobalSection
	GlobalSection(ProjectConfigurationPlatforms) = postSolution
		{4A1C169A-34E0-4750-A3F3-D5B6FC128FC9}.Debug|Any CPU.ActiveCfg = Debug|Any CPU
		{4A1C169A-34E0-4750-A3F3-D5B6FC128FC9}.Release|Any CPU.ActiveCfg = Release|Any CPU
	EndGlobalSection
	GlobalSection(SolutionProperties) = preSolution
		HideSolutionNode = FALSE
	EndGlobalSection
	GlobalSection(ExtensibilityGlobals) = postSolution
		SolutionGuid = {09E504D0-B20C-4A69-92D7-6CEA004B40C4}
	EndGlobalSection
EndGlobal
